// !$*UTF8*$!
{
	archiveVersion = 1;
	classes = {
	};
	objectVersion = 56;
	objects = {

/* Begin PBXBuildFile section */
		EE28B3792B5562EA00D2CA68 /* AppDelegate.swift in Sources */ = {isa = PBXBuildFile; fileRef = EE28B3782B5562EA00D2CA68 /* AppDelegate.swift */; };
		EE28B37B2B5562EA00D2CA68 /* SceneDelegate.swift in Sources */ = {isa = PBXBuildFile; fileRef = EE28B37A2B5562EA00D2CA68 /* SceneDelegate.swift */; };
		EE28B37D2B5562EA00D2CA68 /* ViewController.swift in Sources */ = {isa = PBXBuildFile; fileRef = EE28B37C2B5562EA00D2CA68 /* ViewController.swift */; };
		EE28B3802B5562EA00D2CA68 /* Main.storyboard in Resources */ = {isa = PBXBuildFile; fileRef = EE28B37E2B5562EA00D2CA68 /* Main.storyboard */; };
		EE28B3822B5562ED00D2CA68 /* Assets.xcassets in Resources */ = {isa = PBXBuildFile; fileRef = EE28B3812B5562ED00D2CA68 /* Assets.xcassets */; };
		EE28B3852B5562ED00D2CA68 /* LaunchScreen.storyboard in Resources */ = {isa = PBXBuildFile; fileRef = EE28B3832B5562ED00D2CA68 /* LaunchScreen.storyboard */; };
		EE28B3902B5562ED00D2CA68 /* DogsInformationTests.swift in Sources */ = {isa = PBXBuildFile; fileRef = EE28B38F2B5562ED00D2CA68 /* DogsInformationTests.swift */; };
		EE28B39A2B5562ED00D2CA68 /* DogsInformationUITests.swift in Sources */ = {isa = PBXBuildFile; fileRef = EE28B3992B5562ED00D2CA68 /* DogsInformationUITests.swift */; };
		EE28B39C2B5562ED00D2CA68 /* DogsInformationUITestsLaunchTests.swift in Sources */ = {isa = PBXBuildFile; fileRef = EE28B39B2B5562ED00D2CA68 /* DogsInformationUITestsLaunchTests.swift */; };
		EE28B3AA2B55633000D2CA68 /* MainViewModel.swift in Sources */ = {isa = PBXBuildFile; fileRef = EE28B3A92B55633000D2CA68 /* MainViewModel.swift */; };
		EE28B3AF2B5563A400D2CA68 /* NetworkError.swift in Sources */ = {isa = PBXBuildFile; fileRef = EE28B3AE2B5563A400D2CA68 /* NetworkError.swift */; };
		EE28B3B32B55655500D2CA68 /* HTTPMethod.swift in Sources */ = {isa = PBXBuildFile; fileRef = EE28B3B22B55655500D2CA68 /* HTTPMethod.swift */; };
		EE28B3B52B55757D00D2CA68 /* DogsModel.swift in Sources */ = {isa = PBXBuildFile; fileRef = EE28B3B42B55757D00D2CA68 /* DogsModel.swift */; };
		EE28B3B92B5590A700D2CA68 /* DogTableViewCell.swift in Sources */ = {isa = PBXBuildFile; fileRef = EE28B3B72B5590A700D2CA68 /* DogTableViewCell.swift */; };
		EE28B3BA2B5590A700D2CA68 /* DogTableViewCell.xib in Resources */ = {isa = PBXBuildFile; fileRef = EE28B3B82B5590A700D2CA68 /* DogTableViewCell.xib */; };
		EE28B3C12B55955000D2CA68 /* DogsEntity.swift in Sources */ = {isa = PBXBuildFile; fileRef = EE28B3C02B55955000D2CA68 /* DogsEntity.swift */; };
		EE28B3C32B55995800D2CA68 /* NetworkEndpoint.swift in Sources */ = {isa = PBXBuildFile; fileRef = EE28B3C22B55995800D2CA68 /* NetworkEndpoint.swift */; };
		EE28B3C52B567DEE00D2CA68 /* APIConfig.swift in Sources */ = {isa = PBXBuildFile; fileRef = EE28B3C42B567DEE00D2CA68 /* APIConfig.swift */; };
		EE28B3C72B56867E00D2CA68 /* BaseNetworkService.swift in Sources */ = {isa = PBXBuildFile; fileRef = EE28B3C62B56867E00D2CA68 /* BaseNetworkService.swift */; };
		EE28B3C92B5686E900D2CA68 /* HTTPTask.swift in Sources */ = {isa = PBXBuildFile; fileRef = EE28B3C82B5686E900D2CA68 /* HTTPTask.swift */; };
		EE28B3CB2B56872900D2CA68 /* ParameterEncoding.swift in Sources */ = {isa = PBXBuildFile; fileRef = EE28B3CA2B56872900D2CA68 /* ParameterEncoding.swift */; };
		EEBE21072B56C20400BEC519 /* NetworkServices.swift in Sources */ = {isa = PBXBuildFile; fileRef = EEBE21062B56C20400BEC519 /* NetworkServices.swift */; };
/* End PBXBuildFile section */

/* Begin PBXContainerItemProxy section */
		EE28B38C2B5562ED00D2CA68 /* PBXContainerItemProxy */ = {
			isa = PBXContainerItemProxy;
			containerPortal = EE28B36D2B5562EA00D2CA68 /* Project object */;
			proxyType = 1;
			remoteGlobalIDString = EE28B3742B5562EA00D2CA68;
			remoteInfo = DogsInformation;
		};
		EE28B3962B5562ED00D2CA68 /* PBXContainerItemProxy */ = {
			isa = PBXContainerItemProxy;
			containerPortal = EE28B36D2B5562EA00D2CA68 /* Project object */;
			proxyType = 1;
			remoteGlobalIDString = EE28B3742B5562EA00D2CA68;
			remoteInfo = DogsInformation;
		};
/* End PBXContainerItemProxy section */

/* Begin PBXFileReference section */
		EE28B3752B5562EA00D2CA68 /* DogsInformation.app */ = {isa = PBXFileReference; explicitFileType = wrapper.application; includeInIndex = 0; path = DogsInformation.app; sourceTree = BUILT_PRODUCTS_DIR; };
		EE28B3782B5562EA00D2CA68 /* AppDelegate.swift */ = {isa = PBXFileReference; lastKnownFileType = sourcecode.swift; path = AppDelegate.swift; sourceTree = "<group>"; };
		EE28B37A2B5562EA00D2CA68 /* SceneDelegate.swift */ = {isa = PBXFileReference; lastKnownFileType = sourcecode.swift; path = SceneDelegate.swift; sourceTree = "<group>"; };
		EE28B37C2B5562EA00D2CA68 /* ViewController.swift */ = {isa = PBXFileReference; lastKnownFileType = sourcecode.swift; path = ViewController.swift; sourceTree = "<group>"; };
		EE28B37F2B5562EA00D2CA68 /* Base */ = {isa = PBXFileReference; lastKnownFileType = file.storyboard; name = Base; path = Base.lproj/Main.storyboard; sourceTree = "<group>"; };
		EE28B3812B5562ED00D2CA68 /* Assets.xcassets */ = {isa = PBXFileReference; lastKnownFileType = folder.assetcatalog; path = Assets.xcassets; sourceTree = "<group>"; };
		EE28B3842B5562ED00D2CA68 /* Base */ = {isa = PBXFileReference; lastKnownFileType = file.storyboard; name = Base; path = Base.lproj/LaunchScreen.storyboard; sourceTree = "<group>"; };
		EE28B3862B5562ED00D2CA68 /* Info.plist */ = {isa = PBXFileReference; lastKnownFileType = text.plist.xml; path = Info.plist; sourceTree = "<group>"; };
		EE28B38B2B5562ED00D2CA68 /* DogsInformationTests.xctest */ = {isa = PBXFileReference; explicitFileType = wrapper.cfbundle; includeInIndex = 0; path = DogsInformationTests.xctest; sourceTree = BUILT_PRODUCTS_DIR; };
		EE28B38F2B5562ED00D2CA68 /* DogsInformationTests.swift */ = {isa = PBXFileReference; lastKnownFileType = sourcecode.swift; path = DogsInformationTests.swift; sourceTree = "<group>"; };
		EE28B3952B5562ED00D2CA68 /* DogsInformationUITests.xctest */ = {isa = PBXFileReference; explicitFileType = wrapper.cfbundle; includeInIndex = 0; path = DogsInformationUITests.xctest; sourceTree = BUILT_PRODUCTS_DIR; };
		EE28B3992B5562ED00D2CA68 /* DogsInformationUITests.swift */ = {isa = PBXFileReference; lastKnownFileType = sourcecode.swift; path = DogsInformationUITests.swift; sourceTree = "<group>"; };
		EE28B39B2B5562ED00D2CA68 /* DogsInformationUITestsLaunchTests.swift */ = {isa = PBXFileReference; lastKnownFileType = sourcecode.swift; path = DogsInformationUITestsLaunchTests.swift; sourceTree = "<group>"; };
		EE28B3A92B55633000D2CA68 /* MainViewModel.swift */ = {isa = PBXFileReference; lastKnownFileType = sourcecode.swift; path = MainViewModel.swift; sourceTree = "<group>"; };
		EE28B3AE2B5563A400D2CA68 /* NetworkError.swift */ = {isa = PBXFileReference; lastKnownFileType = sourcecode.swift; path = NetworkError.swift; sourceTree = "<group>"; };
		EE28B3B22B55655500D2CA68 /* HTTPMethod.swift */ = {isa = PBXFileReference; lastKnownFileType = sourcecode.swift; path = HTTPMethod.swift; sourceTree = "<group>"; };
		EE28B3B42B55757D00D2CA68 /* DogsModel.swift */ = {isa = PBXFileReference; lastKnownFileType = sourcecode.swift; path = DogsModel.swift; sourceTree = "<group>"; };
		EE28B3B72B5590A700D2CA68 /* DogTableViewCell.swift */ = {isa = PBXFileReference; lastKnownFileType = sourcecode.swift; path = DogTableViewCell.swift; sourceTree = "<group>"; };
		EE28B3B82B5590A700D2CA68 /* DogTableViewCell.xib */ = {isa = PBXFileReference; lastKnownFileType = file.xib; path = DogTableViewCell.xib; sourceTree = "<group>"; };
		EE28B3C02B55955000D2CA68 /* DogsEntity.swift */ = {isa = PBXFileReference; lastKnownFileType = sourcecode.swift; path = DogsEntity.swift; sourceTree = "<group>"; };
		EE28B3C22B55995800D2CA68 /* NetworkEndpoint.swift */ = {isa = PBXFileReference; lastKnownFileType = sourcecode.swift; path = NetworkEndpoint.swift; sourceTree = "<group>"; };
		EE28B3C42B567DEE00D2CA68 /* APIConfig.swift */ = {isa = PBXFileReference; lastKnownFileType = sourcecode.swift; path = APIConfig.swift; sourceTree = "<group>"; };
		EE28B3C62B56867E00D2CA68 /* BaseNetworkService.swift */ = {isa = PBXFileReference; lastKnownFileType = sourcecode.swift; path = BaseNetworkService.swift; sourceTree = "<group>"; };
		EE28B3C82B5686E900D2CA68 /* HTTPTask.swift */ = {isa = PBXFileReference; lastKnownFileType = sourcecode.swift; path = HTTPTask.swift; sourceTree = "<group>"; };
		EE28B3CA2B56872900D2CA68 /* ParameterEncoding.swift */ = {isa = PBXFileReference; lastKnownFileType = sourcecode.swift; path = ParameterEncoding.swift; sourceTree = "<group>"; };
		EEBE21062B56C20400BEC519 /* NetworkServices.swift */ = {isa = PBXFileReference; lastKnownFileType = sourcecode.swift; path = NetworkServices.swift; sourceTree = "<group>"; };
/* End PBXFileReference section */

/* Begin PBXFrameworksBuildPhase section */
		EE28B3722B5562EA00D2CA68 /* Frameworks */ = {
			isa = PBXFrameworksBuildPhase;
			buildActionMask = 2147483647;
			files = (
			);
			runOnlyForDeploymentPostprocessing = 0;
		};
		EE28B3882B5562ED00D2CA68 /* Frameworks */ = {
			isa = PBXFrameworksBuildPhase;
			buildActionMask = 2147483647;
			files = (
			);
			runOnlyForDeploymentPostprocessing = 0;
		};
		EE28B3922B5562ED00D2CA68 /* Frameworks */ = {
			isa = PBXFrameworksBuildPhase;
			buildActionMask = 2147483647;
			files = (
			);
			runOnlyForDeploymentPostprocessing = 0;
		};
/* End PBXFrameworksBuildPhase section */

/* Begin PBXGroup section */
		EE28B36C2B5562EA00D2CA68 = {
			isa = PBXGroup;
			children = (
				EE28B3772B5562EA00D2CA68 /* DogsInformation */,
				EE28B38E2B5562ED00D2CA68 /* DogsInformationTests */,
				EE28B3982B5562ED00D2CA68 /* DogsInformationUITests */,
				EE28B3762B5562EA00D2CA68 /* Products */,
			);
			sourceTree = "<group>";
		};
		EE28B3762B5562EA00D2CA68 /* Products */ = {
			isa = PBXGroup;
			children = (
				EE28B3752B5562EA00D2CA68 /* DogsInformation.app */,
				EE28B38B2B5562ED00D2CA68 /* DogsInformationTests.xctest */,
				EE28B3952B5562ED00D2CA68 /* DogsInformationUITests.xctest */,
			);
			name = Products;
			sourceTree = "<group>";
		};
		EE28B3772B5562EA00D2CA68 /* DogsInformation */ = {
			isa = PBXGroup;
			children = (
				EE28B3782B5562EA00D2CA68 /* AppDelegate.swift */,
				EE28B37A2B5562EA00D2CA68 /* SceneDelegate.swift */,
				EE28B3AB2B55636C00D2CA68 /* Utillities */,
				EE28B3A82B55630B00D2CA68 /* Main */,
				EE28B3812B5562ED00D2CA68 /* Assets.xcassets */,
				EE28B3832B5562ED00D2CA68 /* LaunchScreen.storyboard */,
				EE28B3862B5562ED00D2CA68 /* Info.plist */,
			);
			path = DogsInformation;
			sourceTree = "<group>";
		};
		EE28B38E2B5562ED00D2CA68 /* DogsInformationTests */ = {
			isa = PBXGroup;
			children = (
				EE28B38F2B5562ED00D2CA68 /* DogsInformationTests.swift */,
			);
			path = DogsInformationTests;
			sourceTree = "<group>";
		};
		EE28B3982B5562ED00D2CA68 /* DogsInformationUITests */ = {
			isa = PBXGroup;
			children = (
				EE28B3992B5562ED00D2CA68 /* DogsInformationUITests.swift */,
				EE28B39B2B5562ED00D2CA68 /* DogsInformationUITestsLaunchTests.swift */,
			);
			path = DogsInformationUITests;
			sourceTree = "<group>";
		};
		EE28B3A82B55630B00D2CA68 /* Main */ = {
			isa = PBXGroup;
			children = (
				EE28B3BE2B55948900D2CA68 /* Model */,
				EE28B3BF2B55949300D2CA68 /* View */,
				EE28B3BB2B5593E600D2CA68 /* ViewModel */,
			);
			path = Main;
			sourceTree = "<group>";
		};
		EE28B3AB2B55636C00D2CA68 /* Utillities */ = {
			isa = PBXGroup;
			children = (
				EE28B3B02B5563A900D2CA68 /* Network */,
			);
			path = Utillities;
			sourceTree = "<group>";
		};
		EE28B3B02B5563A900D2CA68 /* Network */ = {
			isa = PBXGroup;
			children = (
				EE28B3AE2B5563A400D2CA68 /* NetworkError.swift */,
				EE28B3B22B55655500D2CA68 /* HTTPMethod.swift */,
				EE28B3C82B5686E900D2CA68 /* HTTPTask.swift */,
				EE28B3CA2B56872900D2CA68 /* ParameterEncoding.swift */,
				EE28B3C42B567DEE00D2CA68 /* APIConfig.swift */,
				EE28B3B12B5563B000D2CA68 /* Entities */,
				EE28B3C22B55995800D2CA68 /* NetworkEndpoint.swift */,
				EE28B3C62B56867E00D2CA68 /* BaseNetworkService.swift */,
				EEBE21062B56C20400BEC519 /* NetworkServices.swift */,
			);
			path = Network;
			sourceTree = "<group>";
		};
		EE28B3B12B5563B000D2CA68 /* Entities */ = {
			isa = PBXGroup;
			children = (
				EE28B3C02B55955000D2CA68 /* DogsEntity.swift */,
			);
			path = Entities;
			sourceTree = "<group>";
		};
		EE28B3B62B55908500D2CA68 /* DogCell */ = {
			isa = PBXGroup;
			children = (
				EE28B3B72B5590A700D2CA68 /* DogTableViewCell.swift */,
				EE28B3B82B5590A700D2CA68 /* DogTableViewCell.xib */,
			);
			path = DogCell;
			sourceTree = "<group>";
		};
		EE28B3BB2B5593E600D2CA68 /* ViewModel */ = {
			isa = PBXGroup;
			children = (
				EE28B3A92B55633000D2CA68 /* MainViewModel.swift */,
			);
			path = ViewModel;
			sourceTree = "<group>";
		};
		EE28B3BE2B55948900D2CA68 /* Model */ = {
			isa = PBXGroup;
			children = (
				EE28B3B42B55757D00D2CA68 /* DogsModel.swift */,
			);
			path = Model;
			sourceTree = "<group>";
		};
		EE28B3BF2B55949300D2CA68 /* View */ = {
			isa = PBXGroup;
			children = (
				EE28B3B62B55908500D2CA68 /* DogCell */,
				EE28B37E2B5562EA00D2CA68 /* Main.storyboard */,
				EE28B37C2B5562EA00D2CA68 /* ViewController.swift */,
			);
			path = View;
			sourceTree = "<group>";
		};
/* End PBXGroup section */

/* Begin PBXNativeTarget section */
		EE28B3742B5562EA00D2CA68 /* DogsInformation */ = {
			isa = PBXNativeTarget;
			buildConfigurationList = EE28B39F2B5562ED00D2CA68 /* Build configuration list for PBXNativeTarget "DogsInformation" */;
			buildPhases = (
				EE28B3712B5562EA00D2CA68 /* Sources */,
				EE28B3722B5562EA00D2CA68 /* Frameworks */,
				EE28B3732B5562EA00D2CA68 /* Resources */,
			);
			buildRules = (
			);
			dependencies = (
			);
			name = DogsInformation;
			productName = DogsInformation;
			productReference = EE28B3752B5562EA00D2CA68 /* DogsInformation.app */;
			productType = "com.apple.product-type.application";
		};
		EE28B38A2B5562ED00D2CA68 /* DogsInformationTests */ = {
			isa = PBXNativeTarget;
			buildConfigurationList = EE28B3A22B5562ED00D2CA68 /* Build configuration list for PBXNativeTarget "DogsInformationTests" */;
			buildPhases = (
				EE28B3872B5562ED00D2CA68 /* Sources */,
				EE28B3882B5562ED00D2CA68 /* Frameworks */,
				EE28B3892B5562ED00D2CA68 /* Resources */,
			);
			buildRules = (
			);
			dependencies = (
				EE28B38D2B5562ED00D2CA68 /* PBXTargetDependency */,
			);
			name = DogsInformationTests;
			productName = DogsInformationTests;
			productReference = EE28B38B2B5562ED00D2CA68 /* DogsInformationTests.xctest */;
			productType = "com.apple.product-type.bundle.unit-test";
		};
		EE28B3942B5562ED00D2CA68 /* DogsInformationUITests */ = {
			isa = PBXNativeTarget;
			buildConfigurationList = EE28B3A52B5562ED00D2CA68 /* Build configuration list for PBXNativeTarget "DogsInformationUITests" */;
			buildPhases = (
				EE28B3912B5562ED00D2CA68 /* Sources */,
				EE28B3922B5562ED00D2CA68 /* Frameworks */,
				EE28B3932B5562ED00D2CA68 /* Resources */,
			);
			buildRules = (
			);
			dependencies = (
				EE28B3972B5562ED00D2CA68 /* PBXTargetDependency */,
			);
			name = DogsInformationUITests;
			productName = DogsInformationUITests;
			productReference = EE28B3952B5562ED00D2CA68 /* DogsInformationUITests.xctest */;
			productType = "com.apple.product-type.bundle.ui-testing";
		};
/* End PBXNativeTarget section */

/* Begin PBXProject section */
		EE28B36D2B5562EA00D2CA68 /* Project object */ = {
			isa = PBXProject;
			attributes = {
				BuildIndependentTargetsInParallel = 1;
				LastSwiftUpdateCheck = 1520;
				LastUpgradeCheck = 1520;
				TargetAttributes = {
					EE28B3742B5562EA00D2CA68 = {
						CreatedOnToolsVersion = 15.2;
					};
					EE28B38A2B5562ED00D2CA68 = {
						CreatedOnToolsVersion = 15.2;
						TestTargetID = EE28B3742B5562EA00D2CA68;
					};
					EE28B3942B5562ED00D2CA68 = {
						CreatedOnToolsVersion = 15.2;
						TestTargetID = EE28B3742B5562EA00D2CA68;
					};
				};
			};
			buildConfigurationList = EE28B3702B5562EA00D2CA68 /* Build configuration list for PBXProject "DogsInformation" */;
			compatibilityVersion = "Xcode 14.0";
			developmentRegion = en;
			hasScannedForEncodings = 0;
			knownRegions = (
				en,
				Base,
			);
			mainGroup = EE28B36C2B5562EA00D2CA68;
			productRefGroup = EE28B3762B5562EA00D2CA68 /* Products */;
			projectDirPath = "";
			projectRoot = "";
			targets = (
				EE28B3742B5562EA00D2CA68 /* DogsInformation */,
				EE28B38A2B5562ED00D2CA68 /* DogsInformationTests */,
				EE28B3942B5562ED00D2CA68 /* DogsInformationUITests */,
			);
		};
/* End PBXProject section */

/* Begin PBXResourcesBuildPhase section */
		EE28B3732B5562EA00D2CA68 /* Resources */ = {
			isa = PBXResourcesBuildPhase;
			buildActionMask = 2147483647;
			files = (
				EE28B3852B5562ED00D2CA68 /* LaunchScreen.storyboard in Resources */,
				EE28B3822B5562ED00D2CA68 /* Assets.xcassets in Resources */,
				EE28B3BA2B5590A700D2CA68 /* DogTableViewCell.xib in Resources */,
				EE28B3802B5562EA00D2CA68 /* Main.storyboard in Resources */,
			);
			runOnlyForDeploymentPostprocessing = 0;
		};
		EE28B3892B5562ED00D2CA68 /* Resources */ = {
			isa = PBXResourcesBuildPhase;
			buildActionMask = 2147483647;
			files = (
			);
			runOnlyForDeploymentPostprocessing = 0;
		};
		EE28B3932B5562ED00D2CA68 /* Resources */ = {
			isa = PBXResourcesBuildPhase;
			buildActionMask = 2147483647;
			files = (
			);
			runOnlyForDeploymentPostprocessing = 0;
		};
/* End PBXResourcesBuildPhase section */

/* Begin PBXSourcesBuildPhase section */
		EE28B3712B5562EA00D2CA68 /* Sources */ = {
			isa = PBXSourcesBuildPhase;
			buildActionMask = 2147483647;
			files = (
				EE28B3C92B5686E900D2CA68 /* HTTPTask.swift in Sources */,
				EE28B3B52B55757D00D2CA68 /* DogsModel.swift in Sources */,
				EE28B3C12B55955000D2CA68 /* DogsEntity.swift in Sources */,
				EE28B37D2B5562EA00D2CA68 /* ViewController.swift in Sources */,
				EE28B3B32B55655500D2CA68 /* HTTPMethod.swift in Sources */,
				EE28B3C32B55995800D2CA68 /* NetworkEndpoint.swift in Sources */,
				EE28B3792B5562EA00D2CA68 /* AppDelegate.swift in Sources */,
				EE28B3AF2B5563A400D2CA68 /* NetworkError.swift in Sources */,
				EE28B3C52B567DEE00D2CA68 /* APIConfig.swift in Sources */,
				EE28B37B2B5562EA00D2CA68 /* SceneDelegate.swift in Sources */,
				EE28B3AA2B55633000D2CA68 /* MainViewModel.swift in Sources */,
				EE28B3CB2B56872900D2CA68 /* ParameterEncoding.swift in Sources */,
				EE28B3C72B56867E00D2CA68 /* BaseNetworkService.swift in Sources */,
				EEBE21072B56C20400BEC519 /* NetworkServices.swift in Sources */,
				EE28B3B92B5590A700D2CA68 /* DogTableViewCell.swift in Sources */,
			);
			runOnlyForDeploymentPostprocessing = 0;
		};
		EE28B3872B5562ED00D2CA68 /* Sources */ = {
			isa = PBXSourcesBuildPhase;
			buildActionMask = 2147483647;
			files = (
				EE28B3902B5562ED00D2CA68 /* DogsInformationTests.swift in Sources */,
			);
			runOnlyForDeploymentPostprocessing = 0;
		};
		EE28B3912B5562ED00D2CA68 /* Sources */ = {
			isa = PBXSourcesBuildPhase;
			buildActionMask = 2147483647;
			files = (
				EE28B39C2B5562ED00D2CA68 /* DogsInformationUITestsLaunchTests.swift in Sources */,
				EE28B39A2B5562ED00D2CA68 /* DogsInformationUITests.swift in Sources */,
			);
			runOnlyForDeploymentPostprocessing = 0;
		};
/* End PBXSourcesBuildPhase section */

/* Begin PBXTargetDependency section */
		EE28B38D2B5562ED00D2CA68 /* PBXTargetDependency */ = {
			isa = PBXTargetDependency;
			target = EE28B3742B5562EA00D2CA68 /* DogsInformation */;
			targetProxy = EE28B38C2B5562ED00D2CA68 /* PBXContainerItemProxy */;
		};
		EE28B3972B5562ED00D2CA68 /* PBXTargetDependency */ = {
			isa = PBXTargetDependency;
			target = EE28B3742B5562EA00D2CA68 /* DogsInformation */;
			targetProxy = EE28B3962B5562ED00D2CA68 /* PBXContainerItemProxy */;
		};
/* End PBXTargetDependency section */

/* Begin PBXVariantGroup section */
		EE28B37E2B5562EA00D2CA68 /* Main.storyboard */ = {
			isa = PBXVariantGroup;
			children = (
				EE28B37F2B5562EA00D2CA68 /* Base */,
			);
			name = Main.storyboard;
			sourceTree = "<group>";
		};
		EE28B3832B5562ED00D2CA68 /* LaunchScreen.storyboard */ = {
			isa = PBXVariantGroup;
			children = (
				EE28B3842B5562ED00D2CA68 /* Base */,
			);
			name = LaunchScreen.storyboard;
			sourceTree = "<group>";
		};
/* End PBXVariantGroup section */

/* Begin XCBuildConfiguration section */
		EE28B39D2B5562ED00D2CA68 /* Debug */ = {
			isa = XCBuildConfiguration;
			buildSettings = {
				ALWAYS_SEARCH_USER_PATHS = NO;
				ASSETCATALOG_COMPILER_GENERATE_SWIFT_ASSET_SYMBOL_EXTENSIONS = YES;
				CLANG_ANALYZER_NONNULL = YES;
				CLANG_ANALYZER_NUMBER_OBJECT_CONVERSION = YES_AGGRESSIVE;
				CLANG_CXX_LANGUAGE_STANDARD = "gnu++20";
				CLANG_ENABLE_MODULES = YES;
				CLANG_ENABLE_OBJC_ARC = YES;
				CLANG_ENABLE_OBJC_WEAK = YES;
				CLANG_WARN_BLOCK_CAPTURE_AUTORELEASING = YES;
				CLANG_WARN_BOOL_CONVERSION = YES;
				CLANG_WARN_COMMA = YES;
				CLANG_WARN_CONSTANT_CONVERSION = YES;
				CLANG_WARN_DEPRECATED_OBJC_IMPLEMENTATIONS = YES;
				CLANG_WARN_DIRECT_OBJC_ISA_USAGE = YES_ERROR;
				CLANG_WARN_DOCUMENTATION_COMMENTS = YES;
				CLANG_WARN_EMPTY_BODY = YES;
				CLANG_WARN_ENUM_CONVERSION = YES;
				CLANG_WARN_INFINITE_RECURSION = YES;
				CLANG_WARN_INT_CONVERSION = YES;
				CLANG_WARN_NON_LITERAL_NULL_CONVERSION = YES;
				CLANG_WARN_OBJC_IMPLICIT_RETAIN_SELF = YES;
				CLANG_WARN_OBJC_LITERAL_CONVERSION = YES;
				CLANG_WARN_OBJC_ROOT_CLASS = YES_ERROR;
				CLANG_WARN_QUOTED_INCLUDE_IN_FRAMEWORK_HEADER = YES;
				CLANG_WARN_RANGE_LOOP_ANALYSIS = YES;
				CLANG_WARN_STRICT_PROTOTYPES = YES;
				CLANG_WARN_SUSPICIOUS_MOVE = YES;
				CLANG_WARN_UNGUARDED_AVAILABILITY = YES_AGGRESSIVE;
				CLANG_WARN_UNREACHABLE_CODE = YES;
				CLANG_WARN__DUPLICATE_METHOD_MATCH = YES;
				COPY_PHASE_STRIP = NO;
				DEBUG_INFORMATION_FORMAT = dwarf;
				ENABLE_STRICT_OBJC_MSGSEND = YES;
				ENABLE_TESTABILITY = YES;
				ENABLE_USER_SCRIPT_SANDBOXING = YES;
				GCC_C_LANGUAGE_STANDARD = gnu17;
				GCC_DYNAMIC_NO_PIC = NO;
				GCC_NO_COMMON_BLOCKS = YES;
				GCC_OPTIMIZATION_LEVEL = 0;
				GCC_PREPROCESSOR_DEFINITIONS = (
					"DEBUG=1",
					"$(inherited)",
				);
				GCC_WARN_64_TO_32_BIT_CONVERSION = YES;
				GCC_WARN_ABOUT_RETURN_TYPE = YES_ERROR;
				GCC_WARN_UNDECLARED_SELECTOR = YES;
				GCC_WARN_UNINITIALIZED_AUTOS = YES_AGGRESSIVE;
				GCC_WARN_UNUSED_FUNCTION = YES;
				GCC_WARN_UNUSED_VARIABLE = YES;
				IPHONEOS_DEPLOYMENT_TARGET = 17.2;
				LOCALIZATION_PREFERS_STRING_CATALOGS = YES;
				MTL_ENABLE_DEBUG_INFO = INCLUDE_SOURCE;
				MTL_FAST_MATH = YES;
				ONLY_ACTIVE_ARCH = YES;
				SDKROOT = iphoneos;
				SWIFT_ACTIVE_COMPILATION_CONDITIONS = "DEBUG $(inherited)";
				SWIFT_OPTIMIZATION_LEVEL = "-Onone";
			};
			name = Debug;
		};
		EE28B39E2B5562ED00D2CA68 /* Release */ = {
			isa = XCBuildConfiguration;
			buildSettings = {
				ALWAYS_SEARCH_USER_PATHS = NO;
				ASSETCATALOG_COMPILER_GENERATE_SWIFT_ASSET_SYMBOL_EXTENSIONS = YES;
				CLANG_ANALYZER_NONNULL = YES;
				CLANG_ANALYZER_NUMBER_OBJECT_CONVERSION = YES_AGGRESSIVE;
				CLANG_CXX_LANGUAGE_STANDARD = "gnu++20";
				CLANG_ENABLE_MODULES = YES;
				CLANG_ENABLE_OBJC_ARC = YES;
				CLANG_ENABLE_OBJC_WEAK = YES;
				CLANG_WARN_BLOCK_CAPTURE_AUTORELEASING = YES;
				CLANG_WARN_BOOL_CONVERSION = YES;
				CLANG_WARN_COMMA = YES;
				CLANG_WARN_CONSTANT_CONVERSION = YES;
				CLANG_WARN_DEPRECATED_OBJC_IMPLEMENTATIONS = YES;
				CLANG_WARN_DIRECT_OBJC_ISA_USAGE = YES_ERROR;
				CLANG_WARN_DOCUMENTATION_COMMENTS = YES;
				CLANG_WARN_EMPTY_BODY = YES;
				CLANG_WARN_ENUM_CONVERSION = YES;
				CLANG_WARN_INFINITE_RECURSION = YES;
				CLANG_WARN_INT_CONVERSION = YES;
				CLANG_WARN_NON_LITERAL_NULL_CONVERSION = YES;
				CLANG_WARN_OBJC_IMPLICIT_RETAIN_SELF = YES;
				CLANG_WARN_OBJC_LITERAL_CONVERSION = YES;
				CLANG_WARN_OBJC_ROOT_CLASS = YES_ERROR;
				CLANG_WARN_QUOTED_INCLUDE_IN_FRAMEWORK_HEADER = YES;
				CLANG_WARN_RANGE_LOOP_ANALYSIS = YES;
				CLANG_WARN_STRICT_PROTOTYPES = YES;
				CLANG_WARN_SUSPICIOUS_MOVE = YES;
				CLANG_WARN_UNGUARDED_AVAILABILITY = YES_AGGRESSIVE;
				CLANG_WARN_UNREACHABLE_CODE = YES;
				CLANG_WARN__DUPLICATE_METHOD_MATCH = YES;
				COPY_PHASE_STRIP = NO;
				DEBUG_INFORMATION_FORMAT = "dwarf-with-dsym";
				ENABLE_NS_ASSERTIONS = NO;
				ENABLE_STRICT_OBJC_MSGSEND = YES;
				ENABLE_USER_SCRIPT_SANDBOXING = YES;
				GCC_C_LANGUAGE_STANDARD = gnu17;
				GCC_NO_COMMON_BLOCKS = YES;
				GCC_WARN_64_TO_32_BIT_CONVERSION = YES;
				GCC_WARN_ABOUT_RETURN_TYPE = YES_ERROR;
				GCC_WARN_UNDECLARED_SELECTOR = YES;
				GCC_WARN_UNINITIALIZED_AUTOS = YES_AGGRESSIVE;
				GCC_WARN_UNUSED_FUNCTION = YES;
				GCC_WARN_UNUSED_VARIABLE = YES;
				IPHONEOS_DEPLOYMENT_TARGET = 17.2;
				LOCALIZATION_PREFERS_STRING_CATALOGS = YES;
				MTL_ENABLE_DEBUG_INFO = NO;
				MTL_FAST_MATH = YES;
				SDKROOT = iphoneos;
				SWIFT_COMPILATION_MODE = wholemodule;
				VALIDATE_PRODUCT = YES;
			};
			name = Release;
		};
		EE28B3A02B5562ED00D2CA68 /* Debug */ = {
			isa = XCBuildConfiguration;
			buildSettings = {
				ASSETCATALOG_COMPILER_APPICON_NAME = AppIcon;
				ASSETCATALOG_COMPILER_GLOBAL_ACCENT_COLOR_NAME = AccentColor;
				CODE_SIGN_STYLE = Automatic;
				CURRENT_PROJECT_VERSION = 1;
				DEVELOPMENT_TEAM = PHK95RXFWX;
				GENERATE_INFOPLIST_FILE = YES;
				INFOPLIST_FILE = DogsInformation/Info.plist;
				INFOPLIST_KEY_UIApplicationSupportsIndirectInputEvents = YES;
				INFOPLIST_KEY_UILaunchStoryboardName = LaunchScreen;
				INFOPLIST_KEY_UIMainStoryboardFile = Main;
				INFOPLIST_KEY_UISupportedInterfaceOrientations_iPad = "UIInterfaceOrientationPortrait UIInterfaceOrientationPortraitUpsideDown UIInterfaceOrientationLandscapeLeft UIInterfaceOrientationLandscapeRight";
				INFOPLIST_KEY_UISupportedInterfaceOrientations_iPhone = "UIInterfaceOrientationPortrait UIInterfaceOrientationLandscapeLeft UIInterfaceOrientationLandscapeRight";
				LD_RUNPATH_SEARCH_PATHS = (
					"$(inherited)",
					"@executable_path/Frameworks",
				);
				MARKETING_VERSION = 1.0;
				PRODUCT_BUNDLE_IDENTIFIER = com.surachet.y.DogsInformation;
				PRODUCT_NAME = "$(TARGET_NAME)";
				SWIFT_EMIT_LOC_STRINGS = YES;
				SWIFT_VERSION = 5.0;
				TARGETED_DEVICE_FAMILY = "1,2";
			};
			name = Debug;
		};
		EE28B3A12B5562ED00D2CA68 /* Release */ = {
			isa = XCBuildConfiguration;
			buildSettings = {
				ASSETCATALOG_COMPILER_APPICON_NAME = AppIcon;
				ASSETCATALOG_COMPILER_GLOBAL_ACCENT_COLOR_NAME = AccentColor;
				CODE_SIGN_STYLE = Automatic;
				CURRENT_PROJECT_VERSION = 1;
				DEVELOPMENT_TEAM = PHK95RXFWX;
				GENERATE_INFOPLIST_FILE = YES;
				INFOPLIST_FILE = DogsInformation/Info.plist;
				INFOPLIST_KEY_UIApplicationSupportsIndirectInputEvents = YES;
				INFOPLIST_KEY_UILaunchStoryboardName = LaunchScreen;
				INFOPLIST_KEY_UIMainStoryboardFile = Main;
				INFOPLIST_KEY_UISupportedInterfaceOrientations_iPad = "UIInterfaceOrientationPortrait UIInterfaceOrientationPortraitUpsideDown UIInterfaceOrientationLandscapeLeft UIInterfaceOrientationLandscapeRight";
				INFOPLIST_KEY_UISupportedInterfaceOrientations_iPhone = "UIInterfaceOrientationPortrait UIInterfaceOrientationLandscapeLeft UIInterfaceOrientationLandscapeRight";
				LD_RUNPATH_SEARCH_PATHS = (
					"$(inherited)",
					"@executable_path/Frameworks",
				);
				MARKETING_VERSION = 1.0;
				PRODUCT_BUNDLE_IDENTIFIER = com.surachet.y.DogsInformation;
				PRODUCT_NAME = "$(TARGET_NAME)";
				SWIFT_EMIT_LOC_STRINGS = YES;
				SWIFT_VERSION = 5.0;
				TARGETED_DEVICE_FAMILY = "1,2";
			};
			name = Release;
		};
		EE28B3A32B5562ED00D2CA68 /* Debug */ = {
			isa = XCBuildConfiguration;
			buildSettings = {
				ALWAYS_EMBED_SWIFT_STANDARD_LIBRARIES = YES;
				BUNDLE_LOADER = "$(TEST_HOST)";
				CODE_SIGN_STYLE = Automatic;
				CURRENT_PROJECT_VERSION = 1;
				DEVELOPMENT_TEAM = PHK95RXFWX;
				GENERATE_INFOPLIST_FILE = YES;
				IPHONEOS_DEPLOYMENT_TARGET = 17.2;
				MARKETING_VERSION = 1.0;
				PRODUCT_BUNDLE_IDENTIFIER = com.surachet.y.DogsInformationTests;
				PRODUCT_NAME = "$(TARGET_NAME)";
				SWIFT_EMIT_LOC_STRINGS = NO;
				SWIFT_VERSION = 5.0;
				TARGETED_DEVICE_FAMILY = "1,2";
				TEST_HOST = "$(BUILT_PRODUCTS_DIR)/DogsInformation.app/$(BUNDLE_EXECUTABLE_FOLDER_PATH)/DogsInformation";
			};
			name = Debug;
		};
		EE28B3A42B5562ED00D2CA68 /* Release */ = {
			isa = XCBuildConfiguration;
			buildSettings = {
				ALWAYS_EMBED_SWIFT_STANDARD_LIBRARIES = YES;
				BUNDLE_LOADER = "$(TEST_HOST)";
				CODE_SIGN_STYLE = Automatic;
				CURRENT_PROJECT_VERSION = 1;
				DEVELOPMENT_TEAM = PHK95RXFWX;
				GENERATE_INFOPLIST_FILE = YES;
				IPHONEOS_DEPLOYMENT_TARGET = 17.2;
				MARKETING_VERSION = 1.0;
				PRODUCT_BUNDLE_IDENTIFIER = com.surachet.y.DogsInformationTests;
				PRODUCT_NAME = "$(TARGET_NAME)";
				SWIFT_EMIT_LOC_STRINGS = NO;
				SWIFT_VERSION = 5.0;
				TARGETED_DEVICE_FAMILY = "1,2";
				TEST_HOST = "$(BUILT_PRODUCTS_DIR)/DogsInformation.app/$(BUNDLE_EXECUTABLE_FOLDER_PATH)/DogsInformation";
			};
			name = Release;
		};
		EE28B3A62B5562ED00D2CA68 /* Debug */ = {
			isa = XCBuildConfiguration;
			buildSettings = {
				ALWAYS_EMBED_SWIFT_STANDARD_LIBRARIES = YES;
				CODE_SIGN_STYLE = Automatic;
				CURRENT_PROJECT_VERSION = 1;
				DEVELOPMENT_TEAM = PHK95RXFWX;
				GENERATE_INFOPLIST_FILE = YES;
				MARKETING_VERSION = 1.0;
				PRODUCT_BUNDLE_IDENTIFIER = com.surachet.y.DogsInformationUITests;
				PRODUCT_NAME = "$(TARGET_NAME)";
				SWIFT_EMIT_LOC_STRINGS = NO;
				SWIFT_VERSION = 5.0;
				TARGETED_DEVICE_FAMILY = "1,2";
				TEST_TARGET_NAME = DogsInformation;
			};
			name = Debug;
		};
		EE28B3A72B5562ED00D2CA68 /* Release */ = {
			isa = XCBuildConfiguration;
			buildSettings = {
				ALWAYS_EMBED_SWIFT_STANDARD_LIBRARIES = YES;
				CODE_SIGN_STYLE = Automatic;
				CURRENT_PROJECT_VERSION = 1;
				DEVELOPMENT_TEAM = PHK95RXFWX;
				GENERATE_INFOPLIST_FILE = YES;
				MARKETING_VERSION = 1.0;
				PRODUCT_BUNDLE_IDENTIFIER = com.surachet.y.DogsInformationUITests;
				PRODUCT_NAME = "$(TARGET_NAME)";
				SWIFT_EMIT_LOC_STRINGS = NO;
				SWIFT_VERSION = 5.0;
				TARGETED_DEVICE_FAMILY = "1,2";
				TEST_TARGET_NAME = DogsInformation;
			};
			name = Release;
		};
/* End XCBuildConfiguration section */

/* Begin XCConfigurationList section */
		EE28B3702B5562EA00D2CA68 /* Build configuration list for PBXProject "DogsInformation" */ = {
			isa = XCConfigurationList;
			buildConfigurations = (
				EE28B39D2B5562ED00D2CA68 /* Debug */,
				EE28B39E2B5562ED00D2CA68 /* Release */,
			);
			defaultConfigurationIsVisible = 0;
			defaultConfigurationName = Release;
		};
		EE28B39F2B5562ED00D2CA68 /* Build configuration list for PBXNativeTarget "DogsInformation" */ = {
			isa = XCConfigurationList;
			buildConfigurations = (
				EE28B3A02B5562ED00D2CA68 /* Debug */,
				EE28B3A12B5562ED00D2CA68 /* Release */,
			);
			defaultConfigurationIsVisible = 0;
			defaultConfigurationName = Release;
		};
		EE28B3A22B5562ED00D2CA68 /* Build configuration list for PBXNativeTarget "DogsInformationTests" */ = {
			isa = XCConfigurationList;
			buildConfigurations = (
				EE28B3A32B5562ED00D2CA68 /* Debug */,
				EE28B3A42B5562ED00D2CA68 /* Release */,
			);
			defaultConfigurationIsVisible = 0;
			defaultConfigurationName = Release;
		};
		EE28B3A52B5562ED00D2CA68 /* Build configuration list for PBXNativeTarget "DogsInformationUITests" */ = {
			isa = XCConfigurationList;
			buildConfigurations = (
				EE28B3A62B5562ED00D2CA68 /* Debug */,
				EE28B3A72B5562ED00D2CA68 /* Release */,
			);
			defaultConfigurationIsVisible = 0;
			defaultConfigurationName = Release;
		};
/* End XCConfigurationList section */
	};
	rootObject = EE28B36D2B5562EA00D2CA68 /* Project object */;
}
